
Microsoft Visual Studio Solution File, Format Version 12.00
# Visual Studio Version 17
VisualStudioVersion = 17.14.36717.8 d17.14
MinimumVisualStudioVersion = 10.0.40219.1
Project("{FAE04EC0-301F-11D3-BF4B-00C04F79EFBC}") = "lab 11", "lab 11.csproj", "{8AAD0106-9F1E-4B5B-9436-D77AB0CE327B}"
EndProject
Global
	GlobalSection(SolutionConfigurationPlatforms) = preSolution
		Debug|Any CPU = Debug|Any CPU
		Release|Any CPU = Release|Any CPU
	EndGlobalSection
	GlobalSection(ProjectConfigurationPlatforms) = postSolution
		{8AAD0106-9F1E-4B5B-9436-D77AB0CE327B}.Debug|Any CPU.ActiveCfg = Debug|Any CPU
		{8AAD0106-9F1E-4B5B-9436-D77AB0CE327B}.Debug|Any CPU.Build.0 = Debug|Any CPU
		{8AAD0106-9F1E-4B5B-9436-D77AB0CE327B}.Release|Any CPU.ActiveCfg = Release|Any CPU
		{8AAD0106-9F1E-4B5B-9436-D77AB0CE327B}.Release|Any CPU.Build.0 = Release|Any CPU
	EndGlobalSection
	GlobalSection(SolutionProperties) = preSolution
		HideSolutionNode = FALSE
	EndGlobalSection
	GlobalSection(ExtensibilityGlobals) = postSolution
		SolutionGuid = {865973BC-FE50-430F-8E9B-8AEED138180F}
	EndGlobalSection
EndGlobal
